
Microsoft Visual Studio Solution File, Format Version 12.00
# Visual Studio 15
VisualStudioVersion = 15.0.28307.1145
MinimumVisualStudioVersion = 10.0.40219.1
Project("{FAE04EC0-301F-11D3-BF4B-00C04F79EFBC}") = "WSVenta", "WSVenta\WSVenta.csproj", "{33A34983-E3E2-4E9C-8CC7-F4156F457ED1}"
EndProject
Global
	GlobalSection(SolutionConfigurationPlatforms) = preSolution
		Debug|Any CPU = Debug|Any CPU
		Release|Any CPU = Release|Any CPU
	EndGlobalSection
	GlobalSection(ProjectConfigurationPlatforms) = postSolution
		{33A34983-E3E2-4E9C-8CC7-F4156F457ED1}.Debug|Any CPU.ActiveCfg = Debug|Any CPU
		{33A34983-E3E2-4E9C-8CC7-F4156F457ED1}.Debug|Any CPU.Build.0 = Debug|Any CPU
		{33A34983-E3E2-4E9C-8CC7-F4156F457ED1}.Release|Any CPU.ActiveCfg = Release|Any CPU
		{33A34983-E3E2-4E9C-8CC7-F4156F457ED1}.Release|Any CPU.Build.0 = Release|Any CPU
	EndGlobalSection
	GlobalSection(SolutionProperties) = preSolution
		HideSolutionNode = FALSE
	EndGlobalSection
	GlobalSection(ExtensibilityGlobals) = postSolution
		SolutionGuid = {B67AC6D9-006E-42DF-A1C9-FD891DEBE2A5}
	EndGlobalSection
EndGlobal
